
Microsoft Visual Studio Solution File, Format Version 12.00
# Visual Studio Version 17
VisualStudioVersion = 17.10.35122.118
MinimumVisualStudioVersion = 10.0.40219.1
Project("{9A19103F-16F7-4668-BE54-9A1E7A4F7556}") = "MeBatifolage.App", "MeBatifolage.App\MeBatifolage.App.csproj", "{DE913A28-6B9B-49F1-BA46-40F373EAF7A7}"
EndProject
Project("{9A19103F-16F7-4668-BE54-9A1E7A4F7556}") = "MeBatifolage.Api", "MeBatifolage.Api\MeBatifolage.Api.csproj", "{D3D1740E-3BA2-41C6-9328-65F2C1780E91}"
EndProject
Project("{9A19103F-16F7-4668-BE54-9A1E7A4F7556}") = "MeBatifolage.Shared", "MeBatifolage.Shared\MeBatifolage.Shared.csproj", "{2AB1299D-5A3D-40BB-9ECA-346561535C61}"
EndProject
Global
	GlobalSection(SolutionConfigurationPlatforms) = preSolution
		Debug|Any CPU = Debug|Any CPU
		Release|Any CPU = Release|Any CPU
	EndGlobalSection
	GlobalSection(ProjectConfigurationPlatforms) = postSolution
		{DE913A28-6B9B-49F1-BA46-40F373EAF7A7}.Debug|Any CPU.ActiveCfg = Debug|Any CPU
		{DE913A28-6B9B-49F1-BA46-40F373EAF7A7}.Debug|Any CPU.Build.0 = Debug|Any CPU
		{DE913A28-6B9B-49F1-BA46-40F373EAF7A7}.Debug|Any CPU.Deploy.0 = Debug|Any CPU
		{DE913A28-6B9B-49F1-BA46-40F373EAF7A7}.Release|Any CPU.ActiveCfg = Release|Any CPU
		{DE913A28-6B9B-49F1-BA46-40F373EAF7A7}.Release|Any CPU.Build.0 = Release|Any CPU
		{DE913A28-6B9B-49F1-BA46-40F373EAF7A7}.Release|Any CPU.Deploy.0 = Release|Any CPU
		{D3D1740E-3BA2-41C6-9328-65F2C1780E91}.Debug|Any CPU.ActiveCfg = Debug|Any CPU
		{D3D1740E-3BA2-41C6-9328-65F2C1780E91}.Debug|Any CPU.Build.0 = Debug|Any CPU
		{D3D1740E-3BA2-41C6-9328-65F2C1780E91}.Release|Any CPU.ActiveCfg = Release|Any CPU
		{D3D1740E-3BA2-41C6-9328-65F2C1780E91}.Release|Any CPU.Build.0 = Release|Any CPU
		{2AB1299D-5A3D-40BB-9ECA-346561535C61}.Debug|Any CPU.ActiveCfg = Debug|Any CPU
		{2AB1299D-5A3D-40BB-9ECA-346561535C61}.Debug|Any CPU.Build.0 = Debug|Any CPU
		{2AB1299D-5A3D-40BB-9ECA-346561535C61}.Release|Any CPU.ActiveCfg = Release|Any CPU
		{2AB1299D-5A3D-40BB-9ECA-346561535C61}.Release|Any CPU.Build.0 = Release|Any CPU
	EndGlobalSection
	GlobalSection(SolutionProperties) = preSolution
		HideSolutionNode = FALSE
	EndGlobalSection
	GlobalSection(ExtensibilityGlobals) = postSolution
		SolutionGuid = {90E3ED4C-FC16-4408-949F-4383B284DC60}
	EndGlobalSection
EndGlobal
